
Microsoft Visual Studio Solution File, Format Version 12.00
# Visual Studio Version 17
VisualStudioVersion = 17.0.31919.166
MinimumVisualStudioVersion = 10.0.40219.1
Project("{9A19103F-16F7-4668-BE54-9A1E7A4F7556}") = "Api", "TestProject2\Api.csproj", "{02262370-1C22-4E68-A5CE-76A2751B4E71}"
EndProject
Project("{9A19103F-16F7-4668-BE54-9A1E7A4F7556}") = "Core.DAL", "Core\Core.DAL.csproj", "{D06B3EEE-B1C6-49EF-A346-F143FB30B733}"
EndProject
Project("{9A19103F-16F7-4668-BE54-9A1E7A4F7556}") = "Data", "Data\Data.csproj", "{640970C1-2B74-4741-9F2F-8BE787D7E893}"
EndProject
Project("{9A19103F-16F7-4668-BE54-9A1E7A4F7556}") = "BLL", "BLL\BLL.csproj", "{FB4195D5-F0A4-458D-B075-2FD1241BEAF3}"
EndProject
Project("{FAE04EC0-301F-11D3-BF4B-00C04F79EFBC}") = "Core.BLL", "Core.BLL\Core.BLL.csproj", "{EC7FCEE7-575D-487E-95EC-2CDAD1935012}"
EndProject
Global
	GlobalSection(SolutionConfigurationPlatforms) = preSolution
		Debug|Any CPU = Debug|Any CPU
		Release|Any CPU = Release|Any CPU
	EndGlobalSection
	GlobalSection(ProjectConfigurationPlatforms) = postSolution
		{02262370-1C22-4E68-A5CE-76A2751B4E71}.Debug|Any CPU.ActiveCfg = Debug|Any CPU
		{02262370-1C22-4E68-A5CE-76A2751B4E71}.Debug|Any CPU.Build.0 = Debug|Any CPU
		{02262370-1C22-4E68-A5CE-76A2751B4E71}.Release|Any CPU.ActiveCfg = Release|Any CPU
		{02262370-1C22-4E68-A5CE-76A2751B4E71}.Release|Any CPU.Build.0 = Release|Any CPU
		{D06B3EEE-B1C6-49EF-A346-F143FB30B733}.Debug|Any CPU.ActiveCfg = Debug|Any CPU
		{D06B3EEE-B1C6-49EF-A346-F143FB30B733}.Debug|Any CPU.Build.0 = Debug|Any CPU
		{D06B3EEE-B1C6-49EF-A346-F143FB30B733}.Release|Any CPU.ActiveCfg = Release|Any CPU
		{D06B3EEE-B1C6-49EF-A346-F143FB30B733}.Release|Any CPU.Build.0 = Release|Any CPU
		{640970C1-2B74-4741-9F2F-8BE787D7E893}.Debug|Any CPU.ActiveCfg = Debug|Any CPU
		{640970C1-2B74-4741-9F2F-8BE787D7E893}.Debug|Any CPU.Build.0 = Debug|Any CPU
		{640970C1-2B74-4741-9F2F-8BE787D7E893}.Release|Any CPU.ActiveCfg = Release|Any CPU
		{640970C1-2B74-4741-9F2F-8BE787D7E893}.Release|Any CPU.Build.0 = Release|Any CPU
		{FB4195D5-F0A4-458D-B075-2FD1241BEAF3}.Debug|Any CPU.ActiveCfg = Debug|Any CPU
		{FB4195D5-F0A4-458D-B075-2FD1241BEAF3}.Debug|Any CPU.Build.0 = Debug|Any CPU
		{FB4195D5-F0A4-458D-B075-2FD1241BEAF3}.Release|Any CPU.ActiveCfg = Release|Any CPU
		{FB4195D5-F0A4-458D-B075-2FD1241BEAF3}.Release|Any CPU.Build.0 = Release|Any CPU
		{EC7FCEE7-575D-487E-95EC-2CDAD1935012}.Debug|Any CPU.ActiveCfg = Debug|Any CPU
		{EC7FCEE7-575D-487E-95EC-2CDAD1935012}.Debug|Any CPU.Build.0 = Debug|Any CPU
		{EC7FCEE7-575D-487E-95EC-2CDAD1935012}.Release|Any CPU.ActiveCfg = Release|Any CPU
		{EC7FCEE7-575D-487E-95EC-2CDAD1935012}.Release|Any CPU.Build.0 = Release|Any CPU
	EndGlobalSection
	GlobalSection(SolutionProperties) = preSolution
		HideSolutionNode = FALSE
	EndGlobalSection
	GlobalSection(ExtensibilityGlobals) = postSolution
		SolutionGuid = {AE99698B-85F7-4BE6-BFB4-B97431F9F99C}
	EndGlobalSection
EndGlobal
